<?xml version="1.0" encoding="utf-8"?>
<Project ToolsVersion="4.0" xmlns="http://schemas.microsoft.com/developer/msbuild/2003">
  <ItemGroup>
    <Filter Include="소스 파일">
      <UniqueIdentifier>{4FC737F1-C7A5-4376-A066-2A32D752A2FF}</UniqueIdentifier>
      <Extensions>cpp;c;cc;cxx;def;odl;idl;hpj;bat;asm;asmx</Extensions>
    </Filter>
    <Filter Include="헤더 파일">
      <UniqueIdentifier>{93995380-89BD-4b04-88EB-625FBE52EBFB}</UniqueIdentifier>
      <Extensions>h;hh;hpp;hxx;hm;inl;inc;ipp;xsd</Extensions>
    </Filter>
    <Filter Include="소스 파일\Scene">
      <UniqueIdentifier>{2603dcdd-56c5-4953-a5a9-1f8ba5e9fdf9}</UniqueIdentifier>
    </Filter>
    <Filter Include="소스 파일\Grphic">
      <UniqueIdentifier>{5e1b5057-b46d-4cc0-9757-1a72f0f16682}</UniqueIdentifier>
    </Filter>
    <Filter Include="소스 파일\Grphic\Sprite">
      <UniqueIdentifier>{aeaec82f-49e5-489c-901c-06ce1cd4d106}</UniqueIdentifier>
    </Filter>
    <Filter Include="소스 파일\Grphic\Texture">
      <UniqueIdentifier>{bb6cefee-5eaf-475e-9bd1-75b31dca5c34}</UniqueIdentifier>
    </Filter>
    <Filter Include="소스 파일\Grphic\ResourceManger">
      <UniqueIdentifier>{0c4a987e-d6a5-4a79-ba98-f4b6938e6c80}</UniqueIdentifier>
    </Filter>
    <Filter Include="소스 파일\SceneManger">
      <UniqueIdentifier>{29ae4511-8170-4e80-a38c-4fa0276d177c}</UniqueIdentifier>
    </Filter>
    <Filter Include="소스 파일\Component">
      <UniqueIdentifier>{2f98610f-1915-42d1-bf0c-f52b6769ba3e}</UniqueIdentifier>
    </Filter>
    <Filter Include="소스 파일\Component\Bullet">
      <UniqueIdentifier>{f642cba7-864d-4522-9bf7-86aff4c304a5}</UniqueIdentifier>
    </Filter>
    <Filter Include="소스 파일\Component\Bullet\RotationBullet">
      <UniqueIdentifier>{f413d669-9c50-4592-aac1-694836fb04bf}</UniqueIdentifier>
    </Filter>
    <Filter Include="소스 파일\Component\Bullet\ChaseBullet">
      <UniqueIdentifier>{95471244-c23c-4cf4-8938-0d37affce85d}</UniqueIdentifier>
    </Filter>
    <Filter Include="소스 파일\Component\State">
      <UniqueIdentifier>{44428069-552c-4a4b-8d28-d7ae4f4ea165}</UniqueIdentifier>
    </Filter>
    <Filter Include="소스 파일\System">
      <UniqueIdentifier>{506eccd1-75bd-48d3-866a-7cb827ba7ea6}</UniqueIdentifier>
    </Filter>
    <Filter Include="소스 파일\System\GameSystem">
      <UniqueIdentifier>{ac26ad29-a15b-487f-b543-891fd5a24902}</UniqueIdentifier>
    </Filter>
    <Filter Include="소스 파일\Component\Bullet\aimingBullet">
      <UniqueIdentifier>{42fc94ef-52b5-479c-92e6-c2e52b9a2853}</UniqueIdentifier>
    </Filter>
    <Filter Include="소스 파일\Component\Object">
      <UniqueIdentifier>{cdf14b3f-8db3-4729-af3e-cf8d727db0e7}</UniqueIdentifier>
    </Filter>
    <Filter Include="소스 파일\Component\Object\Enemy">
      <UniqueIdentifier>{0d8eb386-08b5-482f-beed-de8480799fae}</UniqueIdentifier>
    </Filter>
    <Filter Include="소스 파일\Component\Object\Player">
      <UniqueIdentifier>{74748954-8ec6-44e0-978f-d7d0fcde1ed5}</UniqueIdentifier>
    </Filter>
    <Filter Include="소스 파일\Component\Bullet\Pattern">
      <UniqueIdentifier>{81009e4e-a36b-4775-bb6d-3fee76df2c63}</UniqueIdentifier>
    </Filter>
    <Filter Include="소스 파일\Component\Bullet\Pattern\Rotation">
      <UniqueIdentifier>{b97e697e-4a71-48bd-9d89-f4596d7adbf8}</UniqueIdentifier>
    </Filter>
    <Filter Include="소스 파일\Component\Bullet\Pattern\ChaseBulletPattern">
      <UniqueIdentifier>{4f4d243c-a45a-4dd1-b1c3-68ee4a5fc7b2}</UniqueIdentifier>
    </Filter>
    <Filter Include="소스 파일\Component\Bullet\Pattern\AimingBulletPattern">
      <UniqueIdentifier>{873461bb-a192-4bf0-b827-955368f6b9c1}</UniqueIdentifier>
    </Filter>
    <Filter Include="소스 파일\Component\Bullet\BulletManger">
      <UniqueIdentifier>{6ebc0194-0888-44ad-b2d7-14ea7f92c6b1}</UniqueIdentifier>
    </Filter>
    <Filter Include="소스 파일\리소스 파일">
      <UniqueIdentifier>{67DA6AB6-F800-4c08-8B7A-83BB121AAD01}</UniqueIdentifier>
      <Extensions>rc;ico;cur;bmp;dlg;rc2;rct;bin;rgs;gif;jpg;jpeg;jpe;resx;tiff;tif;png;wav;mfcribbon-ms</Extensions>
    </Filter>
  </ItemGroup>
  <ItemGroup>
    <ClCompile Include="Main.cpp">
      <Filter>소스 파일</Filter>
    </ClCompile>
    <ClCompile Include="Scene.cpp">
      <Filter>소스 파일\Scene</Filter>
    </ClCompile>
    <ClCompile Include="TiltleScene.cpp">
      <Filter>소스 파일\Scene</Filter>
    </ClCompile>
    <ClCompile Include="GameScene.cpp">
      <Filter>소스 파일\Scene</Filter>
    </ClCompile>
    <ClCompile Include="RecourceManger.cpp">
      <Filter>소스 파일\Grphic\ResourceManger</Filter>
    </ClCompile>
    <ClCompile Include="Sprite.cpp">
      <Filter>소스 파일\Grphic\Sprite</Filter>
    </ClCompile>
    <ClCompile Include="Texture.cpp">
      <Filter>소스 파일\Grphic\Texture</Filter>
    </ClCompile>
    <ClCompile Include="SceneManger.cpp">
      <Filter>소스 파일\SceneManger</Filter>
    </ClCompile>
    <ClCompile Include="GameSystem.cpp">
      <Filter>소스 파일\System\GameSystem</Filter>
    </ClCompile>
    <ClCompile Include="Bullet.cpp">
      <Filter>소스 파일\Component\Bullet</Filter>
    </ClCompile>
    <ClCompile Include="Enemy.cpp">
      <Filter>소스 파일\Component\Object\Enemy</Filter>
    </ClCompile>
    <ClCompile Include="RotationBullet.cpp">
      <Filter>소스 파일\Component\Bullet\RotationBullet</Filter>
    </ClCompile>
    <ClCompile Include="ChaseBullet.cpp">
      <Filter>소스 파일\Component\Bullet\ChaseBullet</Filter>
    </ClCompile>
    <ClCompile Include="State.cpp">
      <Filter>소스 파일\Component\State</Filter>
    </ClCompile>
    <ClCompile Include="InputManager.cpp">
      <Filter>소스 파일\System</Filter>
    </ClCompile>
    <ClCompile Include="IdleState.cpp">
      <Filter>소스 파일\Component\State</Filter>
    </ClCompile>
    <ClCompile Include="MoveState.cpp">
      <Filter>소스 파일\Component\State</Filter>
    </ClCompile>
    <ClCompile Include="aimingBullet.cpp">
      <Filter>소스 파일\Component\Bullet\aimingBullet</Filter>
    </ClCompile>
    <ClCompile Include="GameObjectManger.cpp">
      <Filter>소스 파일\Component\Object</Filter>
    </ClCompile>
    <ClCompile Include="GameObject.cpp">
      <Filter>소스 파일\Component\Object</Filter>
    </ClCompile>
    <ClCompile Include="PlayerobcaleCal.cpp">
      <Filter>소스 파일\Component\Object\Player</Filter>
    </ClCompile>
    <ClCompile Include="RotationBulletPattern.cpp">
      <Filter>소스 파일\Component\Bullet\Pattern\Rotation</Filter>
    </ClCompile>
    <ClCompile Include="ChaseBulletPattern.cpp">
      <Filter>소스 파일\Component\Bullet\Pattern\ChaseBulletPattern</Filter>
    </ClCompile>
    <ClCompile Include="AimmingBulletPattern.cpp">
      <Filter>소스 파일\Component\Bullet\Pattern\AimingBulletPattern</Filter>
    </ClCompile>
    <ClCompile Include="BulletPattern.cpp">
      <Filter>소스 파일\Component\Bullet\Pattern</Filter>
    </ClCompile>
    <ClCompile Include="MonsterIdleState.cpp">
      <Filter>소스 파일\Component\State</Filter>
    </ClCompile>
    <ClCompile Include="BulletManger.cpp">
      <Filter>소스 파일\Component\Bullet\BulletManger</Filter>
    </ClCompile>
  </ItemGroup>
  <ItemGroup>
    <ClInclude Include="Scene.h">
      <Filter>소스 파일\Scene</Filter>
    </ClInclude>
    <ClInclude Include="TiltleScene.h">
      <Filter>소스 파일\Scene</Filter>
    </ClInclude>
    <ClInclude Include="GameScene.h">
      <Filter>소스 파일\Scene</Filter>
    </ClInclude>
    <ClInclude Include="Array.h">
      <Filter>헤더 파일</Filter>
    </ClInclude>
    <ClInclude Include="DLinkedList.h">
      <Filter>헤더 파일</Filter>
    </ClInclude>
    <ClInclude Include="RecourceManger.h">
      <Filter>소스 파일\Grphic\ResourceManger</Filter>
    </ClInclude>
    <ClInclude Include="Sprite.h">
      <Filter>소스 파일\Grphic\Sprite</Filter>
    </ClInclude>
    <ClInclude Include="Texture.h">
      <Filter>소스 파일\Grphic\Texture</Filter>
    </ClInclude>
    <ClInclude Include="SceneManger.h">
      <Filter>소스 파일\SceneManger</Filter>
    </ClInclude>
    <ClInclude Include="GameSystem.h">
      <Filter>소스 파일\System\GameSystem</Filter>
    </ClInclude>
    <ClInclude Include="Bullet.h">
      <Filter>소스 파일\Component\Bullet</Filter>
    </ClInclude>
    <ClInclude Include="Enemy.h">
      <Filter>소스 파일\Component\Object\Enemy</Filter>
    </ClInclude>
    <ClInclude Include="RotationBullet.h">
      <Filter>소스 파일\Component\Bullet\RotationBullet</Filter>
    </ClInclude>
    <ClInclude Include="ChaseBullet.h">
      <Filter>소스 파일\Component\Bullet\ChaseBullet</Filter>
    </ClInclude>
    <ClInclude Include="State.h">
      <Filter>소스 파일\Component\State</Filter>
    </ClInclude>
    <ClInclude Include="InputManager.h">
      <Filter>소스 파일\System</Filter>
    </ClInclude>
    <ClInclude Include="IdleState.h">
      <Filter>소스 파일\Component\State</Filter>
    </ClInclude>
    <ClInclude Include="MoveState.h">
      <Filter>소스 파일\Component\State</Filter>
    </ClInclude>
    <ClInclude Include="aimingBullet.h">
      <Filter>소스 파일\Component\Bullet\aimingBullet</Filter>
    </ClInclude>
    <ClInclude Include="GameObjectManger.h">
      <Filter>소스 파일\Component\Object</Filter>
    </ClInclude>
    <ClInclude Include="GameObject.h">
      <Filter>소스 파일\Component\Object</Filter>
    </ClInclude>
    <ClInclude Include="PlayerobcaleCal.h">
      <Filter>소스 파일\Component\Object\Player</Filter>
    </ClInclude>
    <ClInclude Include="RotationBulletPattern.h">
      <Filter>소스 파일\Component\Bullet\Pattern\Rotation</Filter>
    </ClInclude>
    <ClInclude Include="ChaseBulletPattern.h">
      <Filter>소스 파일\Component\Bullet\Pattern\ChaseBulletPattern</Filter>
    </ClInclude>
    <ClInclude Include="AimmingBulletPattern.h">
      <Filter>소스 파일\Component\Bullet\Pattern\AimingBulletPattern</Filter>
    </ClInclude>
    <ClInclude Include="BulletPattern.h">
      <Filter>소스 파일\Component\Bullet\Pattern</Filter>
    </ClInclude>
    <ClInclude Include="MonsterIdleState.h">
      <Filter>소스 파일\Component\State</Filter>
    </ClInclude>
    <ClInclude Include="BulletManger.h">
      <Filter>소스 파일\Component\Bullet\BulletManger</Filter>
    </ClInclude>
  </ItemGroup>
</Project>